
Microsoft Visual Studio Solution File, Format Version 12.00
# Visual Studio Version 17
VisualStudioVersion = 17.3.32825.248
MinimumVisualStudioVersion = 10.0.40219.1
Project("{2150E333-8FDC-42A3-9474-1A3956D46DE8}") = "Domain", "Domain", "{165AE782-C79E-4A20-B5E9-398CEACB798B}"
EndProject
Project("{2150E333-8FDC-42A3-9474-1A3956D46DE8}") = "Infrastructure", "Infrastructure", "{9E206D44-A0CA-4393-A85A-8E6F5797522B}"
EndProject
Project("{2150E333-8FDC-42A3-9474-1A3956D46DE8}") = "Bus", "Bus", "{CB890A4C-8EE3-492F-90E9-C1D3A9AE3D5E}"
EndProject
Project("{2150E333-8FDC-42A3-9474-1A3956D46DE8}") = "loC", "loC", "{E4993C89-1702-4D7E-B425-437876001362}"
EndProject
Project("{2150E333-8FDC-42A3-9474-1A3956D46DE8}") = "Microservices", "Microservices", "{D9283283-30C4-40BA-916B-1B671D66D578}"
EndProject
Project("{9A19103F-16F7-4668-BE54-9A1E7A4F7556}") = "InventoryManagementSystem.Domain.Core", "InventoryManagementSystem.Domain.Core\InventoryManagementSystem.Domain.Core.csproj", "{BDA2D5CF-4B2B-4578-B984-604D8E381B9B}"
EndProject
Project("{9A19103F-16F7-4668-BE54-9A1E7A4F7556}") = "InventoryManagementSystem.Infrastructure.Bus", "InventoryManagementSystem.Infrastructure.Bus\InventoryManagementSystem.Infrastructure.Bus.csproj", "{36AE229A-E94C-4861-BCC6-05EC9F831F05}"
EndProject
Project("{E53339B2-1760-4266-BCC7-CA923CBCF16C}") = "docker-compose", "docker-compose.dcproj", "{E8DEF79F-3A5F-41E1-99DB-7202E3418D3C}"
EndProject
Project("{2150E333-8FDC-42A3-9474-1A3956D46DE8}") = "InventoryManagement", "InventoryManagement", "{B478892C-3EFC-4D70-A484-70978C4ED84D}"
EndProject
Project("{2150E333-8FDC-42A3-9474-1A3956D46DE8}") = "API", "API", "{0A85AD56-7527-4507-8217-87FF0765C972}"
EndProject
Project("{2150E333-8FDC-42A3-9474-1A3956D46DE8}") = "Domain", "Domain", "{534D37FD-FABD-4C1E-98E5-BE784A2E54F7}"
EndProject
Project("{2150E333-8FDC-42A3-9474-1A3956D46DE8}") = "Infrastructure", "Infrastructure", "{887FC85F-3181-47B4-A4B2-BC62A0B2A583}"
EndProject
Project("{2150E333-8FDC-42A3-9474-1A3956D46DE8}") = "PurchaseManagement", "PurchaseManagement", "{FFF7822F-B06F-4119-8BB6-CC5F412CEA35}"
EndProject
Project("{2150E333-8FDC-42A3-9474-1A3956D46DE8}") = "API", "API", "{8D32F68B-C64C-4A2B-8875-78CA10260FED}"
EndProject
Project("{2150E333-8FDC-42A3-9474-1A3956D46DE8}") = "Domain", "Domain", "{BA4BD98B-1803-46B1-8ABB-1783AC8047B2}"
EndProject
Project("{2150E333-8FDC-42A3-9474-1A3956D46DE8}") = "Infrastructure", "Infrastructure", "{27BD81F6-7243-43C3-8CD1-86189DE1C50E}"
EndProject
Project("{9A19103F-16F7-4668-BE54-9A1E7A4F7556}") = "InventoryManagementSystem.Microservices.Purchase.API", "InventoryManagementSystem.Microservices.Purchase.API\InventoryManagementSystem.Microservices.Purchase.API.csproj", "{A9CBF836-666C-4BEE-814C-1289EFAD2C45}"
EndProject
Project("{2150E333-8FDC-42A3-9474-1A3956D46DE8}") = "Application", "Application", "{2C66E12C-08EE-43D4-A47B-B815D873BE59}"
EndProject
Project("{2150E333-8FDC-42A3-9474-1A3956D46DE8}") = "Application", "Application", "{B3B5F138-9402-4C3B-8F12-E8DA2227EC64}"
EndProject
Project("{2150E333-8FDC-42A3-9474-1A3956D46DE8}") = "Database", "Database", "{1203C0A7-DF1F-4254-B570-1A23E50CA965}"
EndProject
Project("{9A19103F-16F7-4668-BE54-9A1E7A4F7556}") = "InventoryManagementSystem.Infrastructure.loC", "InventoryManagementSystem.Infrastructure.loC\InventoryManagementSystem.Infrastructure.loC.csproj", "{D96C4A66-5AEA-41C8-950B-6080234B8CA6}"
EndProject
Project("{9A19103F-16F7-4668-BE54-9A1E7A4F7556}") = "InventoryManagementSystem.Microservices.Purchase.Application", "InventoryManagementSystem.Microservices.Purchase.Application\InventoryManagementSystem.Microservices.Purchase.Application.csproj", "{AE62160F-D6C7-4C1D-8178-D8E447B4F4A7}"
EndProject
Project("{9A19103F-16F7-4668-BE54-9A1E7A4F7556}") = "InventoryManagementSystem.Microservices.Purchase.Domain", "InventoryManagementSystem.Microservices.Purchase.Domain\InventoryManagementSystem.Microservices.Purchase.Domain.csproj", "{1D6EF293-F8F5-4003-A58F-EF98919A43FB}"
EndProject
Project("{9A19103F-16F7-4668-BE54-9A1E7A4F7556}") = "InventoryManagementSystem.Microservices.Purchase.Infrastructure", "InventoryManagementSystem.Microservices.Purchase.Infrastructure\InventoryManagementSystem.Microservices.Purchase.Infrastructure.csproj", "{82E698EB-F188-4B73-9926-DDA2C9850293}"
EndProject
Project("{9A19103F-16F7-4668-BE54-9A1E7A4F7556}") = "InventoryManagementSystem.Microservices.Inventory.Application", "InventoryManagementSystem.Microservices.Inventory.Application\InventoryManagementSystem.Microservices.Inventory.Application.csproj", "{99B039DF-DD0F-4364-869F-777A5FD64672}"
EndProject
Project("{9A19103F-16F7-4668-BE54-9A1E7A4F7556}") = "InventoryManagementSystem.Infrastructure.Database", "InventoryManagementSystem.Infrastructure.Database\InventoryManagementSystem.Infrastructure.Database.csproj", "{D711DF6F-939B-4CBD-9D44-E2B6524A6EE5}"
EndProject
Project("{9A19103F-16F7-4668-BE54-9A1E7A4F7556}") = "InventoryManagementSystem.Microservices.Inventory.Infrastructure", "InventoryManagementSystem.Microservices.Inventory.Infrastructure\InventoryManagementSystem.Microservices.Inventory.Infrastructure.csproj", "{19F259C2-8CAE-4DBD-9E10-F97B5A385828}"
EndProject
Project("{2150E333-8FDC-42A3-9474-1A3956D46DE8}") = "Gateway", "Gateway", "{26DB78F0-BF10-44EC-913A-E90F491C6916}"
	ProjectSection(SolutionItems) = preProject
		nginx.conf = nginx.conf
	EndProjectSection
EndProject
Project("{9A19103F-16F7-4668-BE54-9A1E7A4F7556}") = "InventoryManagementSystem.Microservices.Inventory.Domain", "InventoryManagementSystem.Microservices.Inventory.Domain\InventoryManagementSystem.Microservices.Inventory.Domain.csproj", "{CD8F873D-2685-4948-ACB6-15930D80A61A}"
EndProject
Project("{9A19103F-16F7-4668-BE54-9A1E7A4F7556}") = "InventoryManagementSystem.Microservices.Inventory.API", "InventoryManagementSystem.Microservices.Inventory.API\InventoryManagementSystem.Microservices.Inventory.API.csproj", "{BF623E65-B453-42BB-8E41-2BB69092F7C1}"
EndProject
Project("{2150E333-8FDC-42A3-9474-1A3956D46DE8}") = "Tests", "Tests", "{FE2F7419-4C69-4048-BA4D-6B00BB9D2ED5}"
EndProject
Project("{2150E333-8FDC-42A3-9474-1A3956D46DE8}") = "Tests", "Tests", "{60AE12F0-EEAF-41B7-99FE-ADBCF2EBC098}"
EndProject
Project("{9A19103F-16F7-4668-BE54-9A1E7A4F7556}") = "InventoryManagementSystem.Microservices.Inventory.Tests", "InventoryManagementSystem.Microservices.Inventory.Tests\InventoryManagementSystem.Microservices.Inventory.Tests.csproj", "{5BDA6E40-C513-4E36-9287-B302DEED1A3D}"
EndProject
Project("{FAE04EC0-301F-11D3-BF4B-00C04F79EFBC}") = "InventoryManagementSystem.Microservices.Purchase.Tests", "InventoryManagementSystem.Microservices.Purchase.Tests\InventoryManagementSystem.Microservices.Purchase.Tests.csproj", "{402A0AF5-076C-4929-8A98-155DDA4167E9}"
EndProject
Global
	GlobalSection(SolutionConfigurationPlatforms) = preSolution
		Debug|Any CPU = Debug|Any CPU
		Release|Any CPU = Release|Any CPU
	EndGlobalSection
	GlobalSection(ProjectConfigurationPlatforms) = postSolution
		{BDA2D5CF-4B2B-4578-B984-604D8E381B9B}.Debug|Any CPU.ActiveCfg = Debug|Any CPU
		{BDA2D5CF-4B2B-4578-B984-604D8E381B9B}.Debug|Any CPU.Build.0 = Debug|Any CPU
		{BDA2D5CF-4B2B-4578-B984-604D8E381B9B}.Release|Any CPU.ActiveCfg = Release|Any CPU
		{BDA2D5CF-4B2B-4578-B984-604D8E381B9B}.Release|Any CPU.Build.0 = Release|Any CPU
		{36AE229A-E94C-4861-BCC6-05EC9F831F05}.Debug|Any CPU.ActiveCfg = Debug|Any CPU
		{36AE229A-E94C-4861-BCC6-05EC9F831F05}.Debug|Any CPU.Build.0 = Debug|Any CPU
		{36AE229A-E94C-4861-BCC6-05EC9F831F05}.Release|Any CPU.ActiveCfg = Release|Any CPU
		{36AE229A-E94C-4861-BCC6-05EC9F831F05}.Release|Any CPU.Build.0 = Release|Any CPU
		{E8DEF79F-3A5F-41E1-99DB-7202E3418D3C}.Debug|Any CPU.ActiveCfg = Debug|Any CPU
		{E8DEF79F-3A5F-41E1-99DB-7202E3418D3C}.Debug|Any CPU.Build.0 = Debug|Any CPU
		{E8DEF79F-3A5F-41E1-99DB-7202E3418D3C}.Release|Any CPU.ActiveCfg = Release|Any CPU
		{E8DEF79F-3A5F-41E1-99DB-7202E3418D3C}.Release|Any CPU.Build.0 = Release|Any CPU
		{A9CBF836-666C-4BEE-814C-1289EFAD2C45}.Debug|Any CPU.ActiveCfg = Debug|Any CPU
		{A9CBF836-666C-4BEE-814C-1289EFAD2C45}.Debug|Any CPU.Build.0 = Debug|Any CPU
		{A9CBF836-666C-4BEE-814C-1289EFAD2C45}.Release|Any CPU.ActiveCfg = Release|Any CPU
		{A9CBF836-666C-4BEE-814C-1289EFAD2C45}.Release|Any CPU.Build.0 = Release|Any CPU
		{D96C4A66-5AEA-41C8-950B-6080234B8CA6}.Debug|Any CPU.ActiveCfg = Debug|Any CPU
		{D96C4A66-5AEA-41C8-950B-6080234B8CA6}.Debug|Any CPU.Build.0 = Debug|Any CPU
		{D96C4A66-5AEA-41C8-950B-6080234B8CA6}.Release|Any CPU.ActiveCfg = Release|Any CPU
		{D96C4A66-5AEA-41C8-950B-6080234B8CA6}.Release|Any CPU.Build.0 = Release|Any CPU
		{AE62160F-D6C7-4C1D-8178-D8E447B4F4A7}.Debug|Any CPU.ActiveCfg = Debug|Any CPU
		{AE62160F-D6C7-4C1D-8178-D8E447B4F4A7}.Debug|Any CPU.Build.0 = Debug|Any CPU
		{AE62160F-D6C7-4C1D-8178-D8E447B4F4A7}.Release|Any CPU.ActiveCfg = Release|Any CPU
		{AE62160F-D6C7-4C1D-8178-D8E447B4F4A7}.Release|Any CPU.Build.0 = Release|Any CPU
		{1D6EF293-F8F5-4003-A58F-EF98919A43FB}.Debug|Any CPU.ActiveCfg = Debug|Any CPU
		{1D6EF293-F8F5-4003-A58F-EF98919A43FB}.Debug|Any CPU.Build.0 = Debug|Any CPU
		{1D6EF293-F8F5-4003-A58F-EF98919A43FB}.Release|Any CPU.ActiveCfg = Release|Any CPU
		{1D6EF293-F8F5-4003-A58F-EF98919A43FB}.Release|Any CPU.Build.0 = Release|Any CPU
		{82E698EB-F188-4B73-9926-DDA2C9850293}.Debug|Any CPU.ActiveCfg = Debug|Any CPU
		{82E698EB-F188-4B73-9926-DDA2C9850293}.Debug|Any CPU.Build.0 = Debug|Any CPU
		{82E698EB-F188-4B73-9926-DDA2C9850293}.Release|Any CPU.ActiveCfg = Release|Any CPU
		{82E698EB-F188-4B73-9926-DDA2C9850293}.Release|Any CPU.Build.0 = Release|Any CPU
		{99B039DF-DD0F-4364-869F-777A5FD64672}.Debug|Any CPU.ActiveCfg = Debug|Any CPU
		{99B039DF-DD0F-4364-869F-777A5FD64672}.Debug|Any CPU.Build.0 = Debug|Any CPU
		{99B039DF-DD0F-4364-869F-777A5FD64672}.Release|Any CPU.ActiveCfg = Release|Any CPU
		{99B039DF-DD0F-4364-869F-777A5FD64672}.Release|Any CPU.Build.0 = Release|Any CPU
		{D711DF6F-939B-4CBD-9D44-E2B6524A6EE5}.Debug|Any CPU.ActiveCfg = Debug|Any CPU
		{D711DF6F-939B-4CBD-9D44-E2B6524A6EE5}.Debug|Any CPU.Build.0 = Debug|Any CPU
		{D711DF6F-939B-4CBD-9D44-E2B6524A6EE5}.Release|Any CPU.ActiveCfg = Release|Any CPU
		{D711DF6F-939B-4CBD-9D44-E2B6524A6EE5}.Release|Any CPU.Build.0 = Release|Any CPU
		{19F259C2-8CAE-4DBD-9E10-F97B5A385828}.Debug|Any CPU.ActiveCfg = Debug|Any CPU
		{19F259C2-8CAE-4DBD-9E10-F97B5A385828}.Debug|Any CPU.Build.0 = Debug|Any CPU
		{19F259C2-8CAE-4DBD-9E10-F97B5A385828}.Release|Any CPU.ActiveCfg = Release|Any CPU
		{19F259C2-8CAE-4DBD-9E10-F97B5A385828}.Release|Any CPU.Build.0 = Release|Any CPU
		{CD8F873D-2685-4948-ACB6-15930D80A61A}.Debug|Any CPU.ActiveCfg = Debug|Any CPU
		{CD8F873D-2685-4948-ACB6-15930D80A61A}.Debug|Any CPU.Build.0 = Debug|Any CPU
		{CD8F873D-2685-4948-ACB6-15930D80A61A}.Release|Any CPU.ActiveCfg = Release|Any CPU
		{CD8F873D-2685-4948-ACB6-15930D80A61A}.Release|Any CPU.Build.0 = Release|Any CPU
		{BF623E65-B453-42BB-8E41-2BB69092F7C1}.Debug|Any CPU.ActiveCfg = Debug|Any CPU
		{BF623E65-B453-42BB-8E41-2BB69092F7C1}.Debug|Any CPU.Build.0 = Debug|Any CPU
		{BF623E65-B453-42BB-8E41-2BB69092F7C1}.Release|Any CPU.ActiveCfg = Release|Any CPU
		{BF623E65-B453-42BB-8E41-2BB69092F7C1}.Release|Any CPU.Build.0 = Release|Any CPU
		{5BDA6E40-C513-4E36-9287-B302DEED1A3D}.Debug|Any CPU.ActiveCfg = Debug|Any CPU
		{5BDA6E40-C513-4E36-9287-B302DEED1A3D}.Debug|Any CPU.Build.0 = Debug|Any CPU
		{5BDA6E40-C513-4E36-9287-B302DEED1A3D}.Release|Any CPU.ActiveCfg = Release|Any CPU
		{5BDA6E40-C513-4E36-9287-B302DEED1A3D}.Release|Any CPU.Build.0 = Release|Any CPU
		{402A0AF5-076C-4929-8A98-155DDA4167E9}.Debug|Any CPU.ActiveCfg = Debug|Any CPU
		{402A0AF5-076C-4929-8A98-155DDA4167E9}.Debug|Any CPU.Build.0 = Debug|Any CPU
		{402A0AF5-076C-4929-8A98-155DDA4167E9}.Release|Any CPU.ActiveCfg = Release|Any CPU
		{402A0AF5-076C-4929-8A98-155DDA4167E9}.Release|Any CPU.Build.0 = Release|Any CPU
	EndGlobalSection
	GlobalSection(SolutionProperties) = preSolution
		HideSolutionNode = FALSE
	EndGlobalSection
	GlobalSection(NestedProjects) = preSolution
		{CB890A4C-8EE3-492F-90E9-C1D3A9AE3D5E} = {9E206D44-A0CA-4393-A85A-8E6F5797522B}
		{E4993C89-1702-4D7E-B425-437876001362} = {9E206D44-A0CA-4393-A85A-8E6F5797522B}
		{BDA2D5CF-4B2B-4578-B984-604D8E381B9B} = {165AE782-C79E-4A20-B5E9-398CEACB798B}
		{36AE229A-E94C-4861-BCC6-05EC9F831F05} = {CB890A4C-8EE3-492F-90E9-C1D3A9AE3D5E}
		{B478892C-3EFC-4D70-A484-70978C4ED84D} = {D9283283-30C4-40BA-916B-1B671D66D578}
		{0A85AD56-7527-4507-8217-87FF0765C972} = {B478892C-3EFC-4D70-A484-70978C4ED84D}
		{534D37FD-FABD-4C1E-98E5-BE784A2E54F7} = {B478892C-3EFC-4D70-A484-70978C4ED84D}
		{887FC85F-3181-47B4-A4B2-BC62A0B2A583} = {B478892C-3EFC-4D70-A484-70978C4ED84D}
		{FFF7822F-B06F-4119-8BB6-CC5F412CEA35} = {D9283283-30C4-40BA-916B-1B671D66D578}
		{8D32F68B-C64C-4A2B-8875-78CA10260FED} = {FFF7822F-B06F-4119-8BB6-CC5F412CEA35}
		{BA4BD98B-1803-46B1-8ABB-1783AC8047B2} = {FFF7822F-B06F-4119-8BB6-CC5F412CEA35}
		{27BD81F6-7243-43C3-8CD1-86189DE1C50E} = {FFF7822F-B06F-4119-8BB6-CC5F412CEA35}
		{A9CBF836-666C-4BEE-814C-1289EFAD2C45} = {8D32F68B-C64C-4A2B-8875-78CA10260FED}
		{2C66E12C-08EE-43D4-A47B-B815D873BE59} = {FFF7822F-B06F-4119-8BB6-CC5F412CEA35}
		{B3B5F138-9402-4C3B-8F12-E8DA2227EC64} = {B478892C-3EFC-4D70-A484-70978C4ED84D}
		{1203C0A7-DF1F-4254-B570-1A23E50CA965} = {9E206D44-A0CA-4393-A85A-8E6F5797522B}
		{D96C4A66-5AEA-41C8-950B-6080234B8CA6} = {E4993C89-1702-4D7E-B425-437876001362}
		{AE62160F-D6C7-4C1D-8178-D8E447B4F4A7} = {2C66E12C-08EE-43D4-A47B-B815D873BE59}
		{1D6EF293-F8F5-4003-A58F-EF98919A43FB} = {BA4BD98B-1803-46B1-8ABB-1783AC8047B2}
		{82E698EB-F188-4B73-9926-DDA2C9850293} = {27BD81F6-7243-43C3-8CD1-86189DE1C50E}
		{99B039DF-DD0F-4364-869F-777A5FD64672} = {B3B5F138-9402-4C3B-8F12-E8DA2227EC64}
		{D711DF6F-939B-4CBD-9D44-E2B6524A6EE5} = {1203C0A7-DF1F-4254-B570-1A23E50CA965}
		{19F259C2-8CAE-4DBD-9E10-F97B5A385828} = {887FC85F-3181-47B4-A4B2-BC62A0B2A583}
		{CD8F873D-2685-4948-ACB6-15930D80A61A} = {534D37FD-FABD-4C1E-98E5-BE784A2E54F7}
		{BF623E65-B453-42BB-8E41-2BB69092F7C1} = {0A85AD56-7527-4507-8217-87FF0765C972}
		{FE2F7419-4C69-4048-BA4D-6B00BB9D2ED5} = {B478892C-3EFC-4D70-A484-70978C4ED84D}
		{60AE12F0-EEAF-41B7-99FE-ADBCF2EBC098} = {FFF7822F-B06F-4119-8BB6-CC5F412CEA35}
		{5BDA6E40-C513-4E36-9287-B302DEED1A3D} = {FE2F7419-4C69-4048-BA4D-6B00BB9D2ED5}
		{402A0AF5-076C-4929-8A98-155DDA4167E9} = {60AE12F0-EEAF-41B7-99FE-ADBCF2EBC098}
	EndGlobalSection
	GlobalSection(ExtensibilityGlobals) = postSolution
		SolutionGuid = {1069FA85-FA69-4193-A248-B634002D3A46}
	EndGlobalSection
EndGlobal
